# THIS IS AN AUTOGENERATED FILE. DO NOT EDIT THIS FILE DIRECTLY.
# yarn lockfile v1


"@vant/weapp@^1.0.6":
  version "1.0.6"
  resolved "https://registry.npm.taobao.org/@vant/weapp/download/@vant/weapp-1.0.6.tgz#3718de565892d477f4cd35876c7c4ccc7902c08e"
  integrity sha1-NxjeVliS1Hf0zTWHbHxMzHkCwI4=
